
Microsoft Visual Studio Solution File, Format Version 12.00
# Visual Studio Version 16
VisualStudioVersion = 16.0.30621.155
MinimumVisualStudioVersion = 10.0.40219.1
Project("{FAE04EC0-301F-11D3-BF4B-00C04F79EFBC}") = "ConsoleApp1", "ConsoleApp1.csproj", "{FEAA126B-FD24-464F-9A2B-C041174DD83A}"
EndProject
Global
	GlobalSection(SolutionConfigurationPlatforms) = preSolution
		Debug|Any CPU = Debug|Any CPU
		Release|Any CPU = Release|Any CPU
	EndGlobalSection
	GlobalSection(ProjectConfigurationPlatforms) = postSolution
		{FEAA126B-FD24-464F-9A2B-C041174DD83A}.Debug|Any CPU.ActiveCfg = Debug|Any CPU
		{FEAA126B-FD24-464F-9A2B-C041174DD83A}.Debug|Any CPU.Build.0 = Debug|Any CPU
		{FEAA126B-FD24-464F-9A2B-C041174DD83A}.Release|Any CPU.ActiveCfg = Release|Any CPU
		{FEAA126B-FD24-464F-9A2B-C041174DD83A}.Release|Any CPU.Build.0 = Release|Any CPU
	EndGlobalSection
	GlobalSection(SolutionProperties) = preSolution
		HideSolutionNode = FALSE
	EndGlobalSection
	GlobalSection(ExtensibilityGlobals) = postSolution
		SolutionGuid = {70BC20F8-B206-4089-9A02-A715E26A9183}
	EndGlobalSection
EndGlobal
